
Microsoft Visual Studio Solution File, Format Version 12.00
# Visual Studio 14
VisualStudioVersion = 14.0.25420.1
MinimumVisualStudioVersion = 10.0.40219.1
Project("{FAE04EC0-301F-11D3-BF4B-00C04F79EFBC}") = "WebApp_Amjad", "WebApp_Amjad\WebApp_Amjad.csproj", "{D4BA83E8-7A18-4E7C-9B3A-80BC6440868A}"
EndProject
Project("{FAE04EC0-301F-11D3-BF4B-00C04F79EFBC}") = "AppController", "AppController\AppController.csproj", "{A35E9AC4-58D8-42E1-A842-D1E63D84868F}"
EndProject
Project("{FAE04EC0-301F-11D3-BF4B-00C04F79EFBC}") = "BAL", "BAL\BAL.csproj", "{FD424256-A353-4FD5-AAE3-5FE93A2F934F}"
EndProject
Project("{FAE04EC0-301F-11D3-BF4B-00C04F79EFBC}") = "DAL", "DAL\DAL.csproj", "{D55C0C7A-AE70-4B6F-9BD5-2501C1A7F9CB}"
EndProject
Project("{FAE04EC0-301F-11D3-BF4B-00C04F79EFBC}") = "DAOCLASSLib", "DAOCLASSLib\DAOCLASSLib.csproj", "{939CB5EF-5024-47AD-B56D-75EB3485CAAE}"
EndProject
Global
	GlobalSection(SolutionConfigurationPlatforms) = preSolution
		Debug|Any CPU = Debug|Any CPU
		Release|Any CPU = Release|Any CPU
	EndGlobalSection
	GlobalSection(ProjectConfigurationPlatforms) = postSolution
		{D4BA83E8-7A18-4E7C-9B3A-80BC6440868A}.Debug|Any CPU.ActiveCfg = Debug|Any CPU
		{D4BA83E8-7A18-4E7C-9B3A-80BC6440868A}.Debug|Any CPU.Build.0 = Debug|Any CPU
		{D4BA83E8-7A18-4E7C-9B3A-80BC6440868A}.Release|Any CPU.ActiveCfg = Release|Any CPU
		{D4BA83E8-7A18-4E7C-9B3A-80BC6440868A}.Release|Any CPU.Build.0 = Release|Any CPU
		{A35E9AC4-58D8-42E1-A842-D1E63D84868F}.Debug|Any CPU.ActiveCfg = Debug|Any CPU
		{A35E9AC4-58D8-42E1-A842-D1E63D84868F}.Debug|Any CPU.Build.0 = Debug|Any CPU
		{A35E9AC4-58D8-42E1-A842-D1E63D84868F}.Release|Any CPU.ActiveCfg = Release|Any CPU
		{A35E9AC4-58D8-42E1-A842-D1E63D84868F}.Release|Any CPU.Build.0 = Release|Any CPU
		{FD424256-A353-4FD5-AAE3-5FE93A2F934F}.Debug|Any CPU.ActiveCfg = Debug|Any CPU
		{FD424256-A353-4FD5-AAE3-5FE93A2F934F}.Debug|Any CPU.Build.0 = Debug|Any CPU
		{FD424256-A353-4FD5-AAE3-5FE93A2F934F}.Release|Any CPU.ActiveCfg = Release|Any CPU
		{FD424256-A353-4FD5-AAE3-5FE93A2F934F}.Release|Any CPU.Build.0 = Release|Any CPU
		{D55C0C7A-AE70-4B6F-9BD5-2501C1A7F9CB}.Debug|Any CPU.ActiveCfg = Debug|Any CPU
		{D55C0C7A-AE70-4B6F-9BD5-2501C1A7F9CB}.Debug|Any CPU.Build.0 = Debug|Any CPU
		{D55C0C7A-AE70-4B6F-9BD5-2501C1A7F9CB}.Release|Any CPU.ActiveCfg = Release|Any CPU
		{D55C0C7A-AE70-4B6F-9BD5-2501C1A7F9CB}.Release|Any CPU.Build.0 = Release|Any CPU
		{939CB5EF-5024-47AD-B56D-75EB3485CAAE}.Debug|Any CPU.ActiveCfg = Debug|Any CPU
		{939CB5EF-5024-47AD-B56D-75EB3485CAAE}.Debug|Any CPU.Build.0 = Debug|Any CPU
		{939CB5EF-5024-47AD-B56D-75EB3485CAAE}.Release|Any CPU.ActiveCfg = Release|Any CPU
		{939CB5EF-5024-47AD-B56D-75EB3485CAAE}.Release|Any CPU.Build.0 = Release|Any CPU
	EndGlobalSection
	GlobalSection(SolutionProperties) = preSolution
		HideSolutionNode = FALSE
	EndGlobalSection
EndGlobal
